{
  "name": "channel",
  "version": "0.1.0",
  "lockfileVersion": 1,
  "requires": true,
  "dependencies": {
    "bussi": {
      "version": "0.1.2",
      "resolved": "https://registry.npmjs.org/bussi/-/bussi-0.1.2.tgz",
      "integrity": "sha1-deHrwnRQtbMldXRd3LVxPWLuzEU=",
      "requires": {
        "karma-sinon": "1.0.5"
      }
    },
    "karma-sinon": {
      "version": "1.0.5",
      "resolved": "https://registry.npmjs.org/karma-sinon/-/karma-sinon-1.0.5.tgz",
      "integrity": "sha1-TjRD8oMP3s/2JNN0cWPxIX2qKpo="
    }
  }
}
